{
  "requires": true,
  "lockfileVersion": 1,
  "dependencies": {
    "editions": {
      "version": "2.2.0",
      "resolved": "https://registry.npmjs.org/editions/-/editions-2.2.0.tgz",
      "integrity": "sha512-RYg3iEA2BDLCNVe8PUkD+ox5vAKxB9XS/mAhx1bdxGCF0CpX077C0pyTA9t5D6idCYA3avl5/XDHKPsHFrygfw==",
      "dev": true,
      "requires": {
        "errlop": "^1.1.2",
        "semver": "^6.3.0"
      },
      "dependencies": {
        "semver": {
          "version": "6.3.0",
          "resolved": "https://registry.npmjs.org/semver/-/semver-6.3.0.tgz",
          "integrity": "sha512-b39TBaTSfV6yBrapU89p5fKekE2m/NwnDocOVruQFS1/veMgdzuPcnOM34M6CwxW8jH/lxEa5rBoDeUwu5HHTw==",
          "dev": true
        }
      }
    },
    "errlop": {
      "version": "1.3.0",
      "resolved": "https://registry.npmjs.org/errlop/-/errlop-1.3.0.tgz",
      "integrity": "sha512-qbb3CRis7c/XouHw41umhSIt4e0KFcESXDrWvgFwIuD/neT1WBO9lKFj7sriqPgF8xEY0Vz6Ws5hMbjN4q/hsQ==",
      "dev": true,
      "requires": {
        "editions": "^2.2.0"
      }
    }
  }
}
